
Microsoft Visual Studio Solution File, Format Version 12.00
# Visual Studio Version 17
VisualStudioVersion = 17.6.33723.286
MinimumVisualStudioVersion = 10.0.40219.1
Project("{FAE04EC0-301F-11D3-BF4B-00C04F79EFBC}") = "WebApplication1", "WebApplication1\WebApplication1.csproj", "{AC03DA7E-CB8E-4158-BD03-D1F21195A049}"
EndProject
Global
	GlobalSection(SolutionConfigurationPlatforms) = preSolution
		Debug|Any CPU = Debug|Any CPU
		Release|Any CPU = Release|Any CPU
	EndGlobalSection
	GlobalSection(ProjectConfigurationPlatforms) = postSolution
		{AC03DA7E-CB8E-4158-BD03-D1F21195A049}.Debug|Any CPU.ActiveCfg = Debug|Any CPU
		{AC03DA7E-CB8E-4158-BD03-D1F21195A049}.Debug|Any CPU.Build.0 = Debug|Any CPU
		{AC03DA7E-CB8E-4158-BD03-D1F21195A049}.Release|Any CPU.ActiveCfg = Release|Any CPU
		{AC03DA7E-CB8E-4158-BD03-D1F21195A049}.Release|Any CPU.Build.0 = Release|Any CPU
	EndGlobalSection
	GlobalSection(SolutionProperties) = preSolution
		HideSolutionNode = FALSE
	EndGlobalSection
	GlobalSection(ExtensibilityGlobals) = postSolution
		SolutionGuid = {20ACF2A3-6454-4780-932D-1CE565F7F8BD}
	EndGlobalSection
EndGlobal
